<?xml version="1.0" encoding="utf-8"?>
<Project ToolsVersion="15.0" xmlns="http://schemas.microsoft.com/developer/msbuild/2003">
  <ItemGroup>
    <CustomBuild Include="C:\Users\zeel\Desktop\School\MediaFundamentals\ws\Week_01\vs_project\CMakeFiles\04ecbe8bb557eb6a1a08e0335d6eeb94\generate.stamp.rule">
      <Filter>CMake Rules</Filter>
    </CustomBuild>
  </ItemGroup>
  <ItemGroup>
    <Filter Include="CMake Rules">
      <UniqueIdentifier>{1335AEF2-551C-3935-8DCA-510A1370C1A6}</UniqueIdentifier>
    </Filter>
  </ItemGroup>
</Project>
